
Microsoft Visual Studio Solution File, Format Version 12.00
# Visual Studio 15
VisualStudioVersion = 15.0.28010.2046
MinimumVisualStudioVersion = 10.0.40219.1
Project("{FAE04EC0-301F-11D3-BF4B-00C04F79EFBC}") = "ReflectionLib", "ReflectionLib\ReflectionLib.csproj", "{78F5585A-F2B5-4EC8-8C40-4350C553410B}"
EndProject
Project("{FAE04EC0-301F-11D3-BF4B-00C04F79EFBC}") = "ReflectionApp", "ReflectionApp\ReflectionApp.csproj", "{CEAC9A59-8B59-4705-82BF-7915A29CBD64}"
EndProject
Global
	GlobalSection(SolutionConfigurationPlatforms) = preSolution
		Debug|Any CPU = Debug|Any CPU
		Release|Any CPU = Release|Any CPU
	EndGlobalSection
	GlobalSection(ProjectConfigurationPlatforms) = postSolution
		{78F5585A-F2B5-4EC8-8C40-4350C553410B}.Debug|Any CPU.ActiveCfg = Debug|Any CPU
		{78F5585A-F2B5-4EC8-8C40-4350C553410B}.Debug|Any CPU.Build.0 = Debug|Any CPU
		{78F5585A-F2B5-4EC8-8C40-4350C553410B}.Release|Any CPU.ActiveCfg = Release|Any CPU
		{78F5585A-F2B5-4EC8-8C40-4350C553410B}.Release|Any CPU.Build.0 = Release|Any CPU
		{CEAC9A59-8B59-4705-82BF-7915A29CBD64}.Debug|Any CPU.ActiveCfg = Debug|Any CPU
		{CEAC9A59-8B59-4705-82BF-7915A29CBD64}.Debug|Any CPU.Build.0 = Debug|Any CPU
		{CEAC9A59-8B59-4705-82BF-7915A29CBD64}.Release|Any CPU.ActiveCfg = Release|Any CPU
		{CEAC9A59-8B59-4705-82BF-7915A29CBD64}.Release|Any CPU.Build.0 = Release|Any CPU
	EndGlobalSection
	GlobalSection(SolutionProperties) = preSolution
		HideSolutionNode = FALSE
	EndGlobalSection
	GlobalSection(ExtensibilityGlobals) = postSolution
		SolutionGuid = {D206C42C-D721-4A7B-9C5D-211E589DCE84}
	EndGlobalSection
EndGlobal
